
Microsoft Visual Studio Solution File, Format Version 12.00
# Visual Studio Version 16
VisualStudioVersion = 16.0.32002.261
MinimumVisualStudioVersion = 10.0.40219.1
Project("{FAE04EC0-301F-11D3-BF4B-00C04F79EFBC}") = "VohmencevKFC", "VohmencevKFC\VohmencevKFC.csproj", "{34759C77-756C-4E01-873C-442F8B834788}"
EndProject
Global
	GlobalSection(SolutionConfigurationPlatforms) = preSolution
		Debug|Any CPU = Debug|Any CPU
		Release|Any CPU = Release|Any CPU
	EndGlobalSection
	GlobalSection(ProjectConfigurationPlatforms) = postSolution
		{34759C77-756C-4E01-873C-442F8B834788}.Debug|Any CPU.ActiveCfg = Debug|Any CPU
		{34759C77-756C-4E01-873C-442F8B834788}.Debug|Any CPU.Build.0 = Debug|Any CPU
		{34759C77-756C-4E01-873C-442F8B834788}.Release|Any CPU.ActiveCfg = Release|Any CPU
		{34759C77-756C-4E01-873C-442F8B834788}.Release|Any CPU.Build.0 = Release|Any CPU
	EndGlobalSection
	GlobalSection(SolutionProperties) = preSolution
		HideSolutionNode = FALSE
	EndGlobalSection
	GlobalSection(ExtensibilityGlobals) = postSolution
		SolutionGuid = {B210E8F8-BA68-4928-99FA-E5F28E7BBEA9}
	EndGlobalSection
EndGlobal
